
Microsoft Visual Studio Solution File, Format Version 12.00
# Visual Studio Version 17
VisualStudioVersion = 17.7.34202.233
MinimumVisualStudioVersion = 10.0.40219.1
Project("{FAE04EC0-301F-11D3-BF4B-00C04F79EFBC}") = "Assignments 7.3", "Assignments 7.3.csproj", "{C0496F14-A072-4F2D-8159-D8F5E77A2D63}"
EndProject
Global
	GlobalSection(SolutionConfigurationPlatforms) = preSolution
		Debug|Any CPU = Debug|Any CPU
		Release|Any CPU = Release|Any CPU
	EndGlobalSection
	GlobalSection(ProjectConfigurationPlatforms) = postSolution
		{C0496F14-A072-4F2D-8159-D8F5E77A2D63}.Debug|Any CPU.ActiveCfg = Debug|Any CPU
		{C0496F14-A072-4F2D-8159-D8F5E77A2D63}.Debug|Any CPU.Build.0 = Debug|Any CPU
		{C0496F14-A072-4F2D-8159-D8F5E77A2D63}.Release|Any CPU.ActiveCfg = Release|Any CPU
		{C0496F14-A072-4F2D-8159-D8F5E77A2D63}.Release|Any CPU.Build.0 = Release|Any CPU
	EndGlobalSection
	GlobalSection(SolutionProperties) = preSolution
		HideSolutionNode = FALSE
	EndGlobalSection
	GlobalSection(ExtensibilityGlobals) = postSolution
		SolutionGuid = {C949FA40-8A6B-4283-B3DE-9D6085BCC211}
	EndGlobalSection
EndGlobal
